
Microsoft Visual Studio Solution File, Format Version 12.00
# Visual Studio 2013
VisualStudioVersion = 12.0.31101.0
MinimumVisualStudioVersion = 10.0.40219.1
Project("{FAE04EC0-301F-11D3-BF4B-00C04F79EFBC}") = "LynexHome.Web", "LynexHome.Web\LynexHome.Web.csproj", "{18963C3C-0871-4A96-AFF6-7322FBB9231A}"
EndProject
Project("{FAE04EC0-301F-11D3-BF4B-00C04F79EFBC}") = "LynexHome.Core.Model", "LynexHome.Core.Model\LynexHome.Core.Model.csproj", "{59CFD304-7FCD-4EC9-A9B8-EA988F21C444}"
EndProject
Project("{2150E333-8FDC-42A3-9474-1A3956D46DE8}") = ".nuget", ".nuget", "{CD381487-D7C7-48CB-B577-DA838AF032BC}"
	ProjectSection(SolutionItems) = preProject
		.nuget\packages.config = .nuget\packages.config
	EndProjectSection
EndProject
Project("{FAE04EC0-301F-11D3-BF4B-00C04F79EFBC}") = "LynexHome.Core", "LynexHome.Core\LynexHome.Core.csproj", "{D1B1F5BF-6404-411A-8CB6-DBA06877D06C}"
EndProject
Project("{FAE04EC0-301F-11D3-BF4B-00C04F79EFBC}") = "LynexHome.Service", "LynexHome.Service\LynexHome.Service.csproj", "{4D1044A5-DE36-4E18-946E-D44F197AF6B7}"
EndProject
Project("{FAE04EC0-301F-11D3-BF4B-00C04F79EFBC}") = "Lynex.Notification.Common", "Notification\Lynex.Notification.Common\Lynex.Notification.Common.csproj", "{E9BAE4D8-FCBD-43B0-A4BE-5DD762FBB659}"
EndProject
Project("{FAE04EC0-301F-11D3-BF4B-00C04F79EFBC}") = "Lynex.Notification.Email", "Notification\Lynex.Notification.Email\Lynex.Notification.Email.csproj", "{F36F3D6F-A168-44B7-8BD3-67CDF3ECC1D4}"
EndProject
Project("{FAE04EC0-301F-11D3-BF4B-00C04F79EFBC}") = "Lynex.Notification.SMS", "Notification\Lynex.Notification.SMS\Lynex.Notification.SMS.csproj", "{C466DA70-9FA4-4537-A9AE-5453282DD156}"
EndProject
Project("{2150E333-8FDC-42A3-9474-1A3956D46DE8}") = "Notification", "Notification", "{0B0BD7DD-6EFB-48A2-9461-37C17B264193}"
EndProject
Project("{FAE04EC0-301F-11D3-BF4B-00C04F79EFBC}") = "Lynex.Common", "Lynex.Common\Lynex.Common.csproj", "{A37B3AB5-139C-40BA-B83C-D2290EB39307}"
EndProject
Project("{FAE04EC0-301F-11D3-BF4B-00C04F79EFBC}") = "LynexHome.Repository", "LynexHome.Repository\LynexHome.Repository.csproj", "{F263235E-667C-42CA-AB04-F48AC157CB4D}"
EndProject
Project("{2150E333-8FDC-42A3-9474-1A3956D46DE8}") = "Extension", "Extension", "{3D3A2211-A5EB-4B4F-8A54-06DE056EB1F8}"
EndProject
Project("{FAE04EC0-301F-11D3-BF4B-00C04F79EFBC}") = "Lynex.Extension.Enum", "Lynex.Extension.Enum\Lynex.Extension.Enum.csproj", "{9B6FEC77-B525-4C39-82E4-1B39731806AD}"
EndProject
Project("{FAE04EC0-301F-11D3-BF4B-00C04F79EFBC}") = "LynexHome.ViewModel", "LynexHome.ViewModel\LynexHome.ViewModel.csproj", "{6497B135-6F05-4031-BC7B-349A8F3F333D}"
EndProject
Global
	GlobalSection(SolutionConfigurationPlatforms) = preSolution
		Debug|Any CPU = Debug|Any CPU
		Release|Any CPU = Release|Any CPU
	EndGlobalSection
	GlobalSection(ProjectConfigurationPlatforms) = postSolution
		{18963C3C-0871-4A96-AFF6-7322FBB9231A}.Debug|Any CPU.ActiveCfg = Debug|Any CPU
		{18963C3C-0871-4A96-AFF6-7322FBB9231A}.Debug|Any CPU.Build.0 = Debug|Any CPU
		{18963C3C-0871-4A96-AFF6-7322FBB9231A}.Release|Any CPU.ActiveCfg = Release|Any CPU
		{18963C3C-0871-4A96-AFF6-7322FBB9231A}.Release|Any CPU.Build.0 = Release|Any CPU
		{59CFD304-7FCD-4EC9-A9B8-EA988F21C444}.Debug|Any CPU.ActiveCfg = Debug|Any CPU
		{59CFD304-7FCD-4EC9-A9B8-EA988F21C444}.Debug|Any CPU.Build.0 = Debug|Any CPU
		{59CFD304-7FCD-4EC9-A9B8-EA988F21C444}.Release|Any CPU.ActiveCfg = Release|Any CPU
		{59CFD304-7FCD-4EC9-A9B8-EA988F21C444}.Release|Any CPU.Build.0 = Release|Any CPU
		{D1B1F5BF-6404-411A-8CB6-DBA06877D06C}.Debug|Any CPU.ActiveCfg = Debug|Any CPU
		{D1B1F5BF-6404-411A-8CB6-DBA06877D06C}.Debug|Any CPU.Build.0 = Debug|Any CPU
		{D1B1F5BF-6404-411A-8CB6-DBA06877D06C}.Release|Any CPU.ActiveCfg = Release|Any CPU
		{D1B1F5BF-6404-411A-8CB6-DBA06877D06C}.Release|Any CPU.Build.0 = Release|Any CPU
		{4D1044A5-DE36-4E18-946E-D44F197AF6B7}.Debug|Any CPU.ActiveCfg = Debug|Any CPU
		{4D1044A5-DE36-4E18-946E-D44F197AF6B7}.Debug|Any CPU.Build.0 = Debug|Any CPU
		{4D1044A5-DE36-4E18-946E-D44F197AF6B7}.Release|Any CPU.ActiveCfg = Release|Any CPU
		{4D1044A5-DE36-4E18-946E-D44F197AF6B7}.Release|Any CPU.Build.0 = Release|Any CPU
		{E9BAE4D8-FCBD-43B0-A4BE-5DD762FBB659}.Debug|Any CPU.ActiveCfg = Debug|Any CPU
		{E9BAE4D8-FCBD-43B0-A4BE-5DD762FBB659}.Debug|Any CPU.Build.0 = Debug|Any CPU
		{E9BAE4D8-FCBD-43B0-A4BE-5DD762FBB659}.Release|Any CPU.ActiveCfg = Release|Any CPU
		{E9BAE4D8-FCBD-43B0-A4BE-5DD762FBB659}.Release|Any CPU.Build.0 = Release|Any CPU
		{F36F3D6F-A168-44B7-8BD3-67CDF3ECC1D4}.Debug|Any CPU.ActiveCfg = Debug|Any CPU
		{F36F3D6F-A168-44B7-8BD3-67CDF3ECC1D4}.Debug|Any CPU.Build.0 = Debug|Any CPU
		{F36F3D6F-A168-44B7-8BD3-67CDF3ECC1D4}.Release|Any CPU.ActiveCfg = Release|Any CPU
		{F36F3D6F-A168-44B7-8BD3-67CDF3ECC1D4}.Release|Any CPU.Build.0 = Release|Any CPU
		{C466DA70-9FA4-4537-A9AE-5453282DD156}.Debug|Any CPU.ActiveCfg = Debug|Any CPU
		{C466DA70-9FA4-4537-A9AE-5453282DD156}.Debug|Any CPU.Build.0 = Debug|Any CPU
		{C466DA70-9FA4-4537-A9AE-5453282DD156}.Release|Any CPU.ActiveCfg = Release|Any CPU
		{C466DA70-9FA4-4537-A9AE-5453282DD156}.Release|Any CPU.Build.0 = Release|Any CPU
		{A37B3AB5-139C-40BA-B83C-D2290EB39307}.Debug|Any CPU.ActiveCfg = Debug|Any CPU
		{A37B3AB5-139C-40BA-B83C-D2290EB39307}.Debug|Any CPU.Build.0 = Debug|Any CPU
		{A37B3AB5-139C-40BA-B83C-D2290EB39307}.Release|Any CPU.ActiveCfg = Release|Any CPU
		{A37B3AB5-139C-40BA-B83C-D2290EB39307}.Release|Any CPU.Build.0 = Release|Any CPU
		{F263235E-667C-42CA-AB04-F48AC157CB4D}.Debug|Any CPU.ActiveCfg = Debug|Any CPU
		{F263235E-667C-42CA-AB04-F48AC157CB4D}.Debug|Any CPU.Build.0 = Debug|Any CPU
		{F263235E-667C-42CA-AB04-F48AC157CB4D}.Release|Any CPU.ActiveCfg = Release|Any CPU
		{F263235E-667C-42CA-AB04-F48AC157CB4D}.Release|Any CPU.Build.0 = Release|Any CPU
		{9B6FEC77-B525-4C39-82E4-1B39731806AD}.Debug|Any CPU.ActiveCfg = Debug|Any CPU
		{9B6FEC77-B525-4C39-82E4-1B39731806AD}.Debug|Any CPU.Build.0 = Debug|Any CPU
		{9B6FEC77-B525-4C39-82E4-1B39731806AD}.Release|Any CPU.ActiveCfg = Release|Any CPU
		{9B6FEC77-B525-4C39-82E4-1B39731806AD}.Release|Any CPU.Build.0 = Release|Any CPU
		{6497B135-6F05-4031-BC7B-349A8F3F333D}.Debug|Any CPU.ActiveCfg = Debug|Any CPU
		{6497B135-6F05-4031-BC7B-349A8F3F333D}.Debug|Any CPU.Build.0 = Debug|Any CPU
		{6497B135-6F05-4031-BC7B-349A8F3F333D}.Release|Any CPU.ActiveCfg = Release|Any CPU
		{6497B135-6F05-4031-BC7B-349A8F3F333D}.Release|Any CPU.Build.0 = Release|Any CPU
	EndGlobalSection
	GlobalSection(SolutionProperties) = preSolution
		HideSolutionNode = FALSE
	EndGlobalSection
	GlobalSection(NestedProjects) = preSolution
		{E9BAE4D8-FCBD-43B0-A4BE-5DD762FBB659} = {0B0BD7DD-6EFB-48A2-9461-37C17B264193}
		{F36F3D6F-A168-44B7-8BD3-67CDF3ECC1D4} = {0B0BD7DD-6EFB-48A2-9461-37C17B264193}
		{C466DA70-9FA4-4537-A9AE-5453282DD156} = {0B0BD7DD-6EFB-48A2-9461-37C17B264193}
		{9B6FEC77-B525-4C39-82E4-1B39731806AD} = {3D3A2211-A5EB-4B4F-8A54-06DE056EB1F8}
	EndGlobalSection
EndGlobal
